
Microsoft Visual Studio Solution File, Format Version 12.00
# Visual Studio Version 16
VisualStudioVersion = 16.0.31624.102
MinimumVisualStudioVersion = 10.0.40219.1
Project("{9A19103F-16F7-4668-BE54-9A1E7A4F7556}") = "Console.EFCore.App", "Console.EFCore.App\Console.EFCore.App.csproj", "{A5C42550-3CAB-43D5-9A9C-A25B95767F6C}"
EndProject
Project("{9A19103F-16F7-4668-BE54-9A1E7A4F7556}") = "Entities", "Entities\Entities.csproj", "{28F47EF9-C8BC-43F3-AAC5-D377FBA029A5}"
EndProject
Project("{9A19103F-16F7-4668-BE54-9A1E7A4F7556}") = "Repositories", "Repositories\Repositories.csproj", "{5E990C65-86D0-4FA8-A754-7199EC8C43A2}"
EndProject
Project("{9A19103F-16F7-4668-BE54-9A1E7A4F7556}") = "Services", "Services\Services.csproj", "{D10A9C99-B92F-4660-9CEE-1F1D15DDAB8D}"
EndProject
Project("{FAE04EC0-301F-11D3-BF4B-00C04F79EFBC}") = "MIgrations", "MIgrations\MIgrations.csproj", "{A536D990-C54A-4A3E-8405-4F050A88FEAB}"
EndProject
Global
	GlobalSection(SolutionConfigurationPlatforms) = preSolution
		Debug|Any CPU = Debug|Any CPU
		Release|Any CPU = Release|Any CPU
	EndGlobalSection
	GlobalSection(ProjectConfigurationPlatforms) = postSolution
		{A5C42550-3CAB-43D5-9A9C-A25B95767F6C}.Debug|Any CPU.ActiveCfg = Debug|Any CPU
		{A5C42550-3CAB-43D5-9A9C-A25B95767F6C}.Debug|Any CPU.Build.0 = Debug|Any CPU
		{A5C42550-3CAB-43D5-9A9C-A25B95767F6C}.Release|Any CPU.ActiveCfg = Release|Any CPU
		{A5C42550-3CAB-43D5-9A9C-A25B95767F6C}.Release|Any CPU.Build.0 = Release|Any CPU
		{28F47EF9-C8BC-43F3-AAC5-D377FBA029A5}.Debug|Any CPU.ActiveCfg = Debug|Any CPU
		{28F47EF9-C8BC-43F3-AAC5-D377FBA029A5}.Debug|Any CPU.Build.0 = Debug|Any CPU
		{28F47EF9-C8BC-43F3-AAC5-D377FBA029A5}.Release|Any CPU.ActiveCfg = Release|Any CPU
		{28F47EF9-C8BC-43F3-AAC5-D377FBA029A5}.Release|Any CPU.Build.0 = Release|Any CPU
		{5E990C65-86D0-4FA8-A754-7199EC8C43A2}.Debug|Any CPU.ActiveCfg = Debug|Any CPU
		{5E990C65-86D0-4FA8-A754-7199EC8C43A2}.Debug|Any CPU.Build.0 = Debug|Any CPU
		{5E990C65-86D0-4FA8-A754-7199EC8C43A2}.Release|Any CPU.ActiveCfg = Release|Any CPU
		{5E990C65-86D0-4FA8-A754-7199EC8C43A2}.Release|Any CPU.Build.0 = Release|Any CPU
		{D10A9C99-B92F-4660-9CEE-1F1D15DDAB8D}.Debug|Any CPU.ActiveCfg = Debug|Any CPU
		{D10A9C99-B92F-4660-9CEE-1F1D15DDAB8D}.Debug|Any CPU.Build.0 = Debug|Any CPU
		{D10A9C99-B92F-4660-9CEE-1F1D15DDAB8D}.Release|Any CPU.ActiveCfg = Release|Any CPU
		{D10A9C99-B92F-4660-9CEE-1F1D15DDAB8D}.Release|Any CPU.Build.0 = Release|Any CPU
		{A536D990-C54A-4A3E-8405-4F050A88FEAB}.Debug|Any CPU.ActiveCfg = Debug|Any CPU
		{A536D990-C54A-4A3E-8405-4F050A88FEAB}.Debug|Any CPU.Build.0 = Debug|Any CPU
		{A536D990-C54A-4A3E-8405-4F050A88FEAB}.Release|Any CPU.ActiveCfg = Release|Any CPU
		{A536D990-C54A-4A3E-8405-4F050A88FEAB}.Release|Any CPU.Build.0 = Release|Any CPU
	EndGlobalSection
	GlobalSection(SolutionProperties) = preSolution
		HideSolutionNode = FALSE
	EndGlobalSection
	GlobalSection(ExtensibilityGlobals) = postSolution
		SolutionGuid = {A8425ACF-670A-4170-970E-CE15C876DCA4}
	EndGlobalSection
EndGlobal
